
Microsoft Visual Studio Solution File, Format Version 12.00
# Visual Studio 2012
Project("{FAE04EC0-301F-11D3-BF4B-00C04F79EFBC}") = "ChirpLib", "ChirpLib\ChirpLib.csproj", "{7525ADEB-82D5-4F04-84E8-D15395FFADAC}"
EndProject
Global
	GlobalSection(SolutionConfigurationPlatforms) = preSolution
		Debug|Any CPU = Debug|Any CPU
		Release|Any CPU = Release|Any CPU
	EndGlobalSection
	GlobalSection(ProjectConfigurationPlatforms) = postSolution
		{7525ADEB-82D5-4F04-84E8-D15395FFADAC}.Debug|Any CPU.ActiveCfg = Debug|Any CPU
		{7525ADEB-82D5-4F04-84E8-D15395FFADAC}.Debug|Any CPU.Build.0 = Debug|Any CPU
		{7525ADEB-82D5-4F04-84E8-D15395FFADAC}.Release|Any CPU.ActiveCfg = Release|Any CPU
		{7525ADEB-82D5-4F04-84E8-D15395FFADAC}.Release|Any CPU.Build.0 = Release|Any CPU
	EndGlobalSection
EndGlobal
